
Microsoft Visual Studio Solution File, Format Version 10.00
# Visual Studio 2008
Project("{FAE04EC0-301F-11D3-BF4B-00C04F79EFBC}") = "Microsoft.ApplicationBlocks.ExceptionManagement.Interfaces", "Microsoft.ApplicationBlocks.ExceptionManagement.Interfaces\Microsoft.ApplicationBlocks.ExceptionManagement.Interfaces.csproj", "{5F25F8C2-DA02-46C6-A6CA-01E719EAD35D}"
EndProject
Project("{FAE04EC0-301F-11D3-BF4B-00C04F79EFBC}") = "Microsoft.ApplicationBlocks.ExceptionManagement", "Microsoft.ApplicationBlocks.ExceptionManagement\Microsoft.ApplicationBlocks.ExceptionManagement.csproj", "{386CBF50-F4A9-4F05-98CB-B387D2D8F357}"
EndProject
Project("{FAE04EC0-301F-11D3-BF4B-00C04F79EFBC}") = "Microsoft.ApplicationBlocks.Data", "Microsoft.ApplicationBlocks.Data\Microsoft.ApplicationBlocks.Data.csproj", "{30933672-466E-4F67-A111-ABF267539146}"
EndProject
Project("{FAE04EC0-301F-11D3-BF4B-00C04F79EFBC}") = "Rainmaker.Common", "Rainmaker.Common\Rainmaker.Common.csproj", "{DBAE3851-253B-4B1D-8122-132DE8A3341B}"
EndProject
Project("{FAE04EC0-301F-11D3-BF4B-00C04F79EFBC}") = "Rainmaker.DAL", "Rainmaker.DAL\Rainmaker.DAL.csproj", "{0C1607B6-B9DD-4B53-811A-639BD594D046}"
EndProject
Project("{FAE04EC0-301F-11D3-BF4B-00C04F79EFBC}") = "RainmakerWS", "RainmakerWS\RainmakerWS.csproj", "{8EFD241C-D3F0-4AD1-B1E2-0377835CF7EA}"
EndProject
Project("{FAE04EC0-301F-11D3-BF4B-00C04F79EFBC}") = "Rainmaker", "Rainmaker\Rainmaker.csproj", "{A3C27D52-7C97-4877-9A80-D50FB07762C4}"
EndProject
Project("{FAE04EC0-301F-11D3-BF4B-00C04F79EFBC}") = "RainmakerDialer", "RainmakerDialer\RainmakerDialer.csproj", "{C7BD4DC1-3092-4969-A427-AEDBFBE0518B}"
EndProject
Project("{FAE04EC0-301F-11D3-BF4B-00C04F79EFBC}") = "CKEditor.NET", "CKEditor.NET\CKEditor.NET\CKEditor.NET.csproj", "{FC4500A9-8E83-46B0-87FA-86D44AB79AA7}"
EndProject
Project("{FAE04EC0-301F-11D3-BF4B-00C04F79EFBC}") = "reporting", "Reporting\reporting.csproj", "{5BEB41E6-B1AB-4784-8698-E3F7B3991652}"
EndProject
Project("{FAE04EC0-301F-11D3-BF4B-00C04F79EFBC}") = "RainmakerClient", "RainmakerClient\rainmakerclient\RainmakerClient.csproj", "{B4ECB6F6-8E99-4E97-9076-053E280B29A6}"
EndProject
Global
	GlobalSection(SolutionConfigurationPlatforms) = preSolution
		Debug|.NET = Debug|.NET
		Debug|Any CPU = Debug|Any CPU
		Debug|Mixed Platforms = Debug|Mixed Platforms
		DebugLocal|.NET = DebugLocal|.NET
		DebugLocal|Any CPU = DebugLocal|Any CPU
		DebugLocal|Mixed Platforms = DebugLocal|Mixed Platforms
		Release|.NET = Release|.NET
		Release|Any CPU = Release|Any CPU
		Release|Mixed Platforms = Release|Mixed Platforms
	EndGlobalSection
	GlobalSection(ProjectConfigurationPlatforms) = postSolution
		{5F25F8C2-DA02-46C6-A6CA-01E719EAD35D}.Debug|.NET.ActiveCfg = Debug|Any CPU
		{5F25F8C2-DA02-46C6-A6CA-01E719EAD35D}.Debug|Any CPU.ActiveCfg = Debug|Any CPU
		{5F25F8C2-DA02-46C6-A6CA-01E719EAD35D}.Debug|Any CPU.Build.0 = Debug|Any CPU
		{5F25F8C2-DA02-46C6-A6CA-01E719EAD35D}.Debug|Mixed Platforms.ActiveCfg = Debug|Any CPU
		{5F25F8C2-DA02-46C6-A6CA-01E719EAD35D}.Debug|Mixed Platforms.Build.0 = Debug|Any CPU
		{5F25F8C2-DA02-46C6-A6CA-01E719EAD35D}.DebugLocal|.NET.ActiveCfg = Debug|Any CPU
		{5F25F8C2-DA02-46C6-A6CA-01E719EAD35D}.DebugLocal|Any CPU.ActiveCfg = Debug|Any CPU
		{5F25F8C2-DA02-46C6-A6CA-01E719EAD35D}.DebugLocal|Any CPU.Build.0 = Debug|Any CPU
		{5F25F8C2-DA02-46C6-A6CA-01E719EAD35D}.DebugLocal|Mixed Platforms.ActiveCfg = Debug|Any CPU
		{5F25F8C2-DA02-46C6-A6CA-01E719EAD35D}.DebugLocal|Mixed Platforms.Build.0 = Debug|Any CPU
		{5F25F8C2-DA02-46C6-A6CA-01E719EAD35D}.Release|.NET.ActiveCfg = Release|Any CPU
		{5F25F8C2-DA02-46C6-A6CA-01E719EAD35D}.Release|Any CPU.ActiveCfg = Release|Any CPU
		{5F25F8C2-DA02-46C6-A6CA-01E719EAD35D}.Release|Any CPU.Build.0 = Release|Any CPU
		{5F25F8C2-DA02-46C6-A6CA-01E719EAD35D}.Release|Mixed Platforms.ActiveCfg = Release|Any CPU
		{5F25F8C2-DA02-46C6-A6CA-01E719EAD35D}.Release|Mixed Platforms.Build.0 = Release|Any CPU
		{386CBF50-F4A9-4F05-98CB-B387D2D8F357}.Debug|.NET.ActiveCfg = Debug|Any CPU
		{386CBF50-F4A9-4F05-98CB-B387D2D8F357}.Debug|Any CPU.ActiveCfg = Debug|Any CPU
		{386CBF50-F4A9-4F05-98CB-B387D2D8F357}.Debug|Any CPU.Build.0 = Debug|Any CPU
		{386CBF50-F4A9-4F05-98CB-B387D2D8F357}.Debug|Mixed Platforms.ActiveCfg = Debug|Any CPU
		{386CBF50-F4A9-4F05-98CB-B387D2D8F357}.Debug|Mixed Platforms.Build.0 = Debug|Any CPU
		{386CBF50-F4A9-4F05-98CB-B387D2D8F357}.DebugLocal|.NET.ActiveCfg = Debug|Any CPU
		{386CBF50-F4A9-4F05-98CB-B387D2D8F357}.DebugLocal|Any CPU.ActiveCfg = Debug|Any CPU
		{386CBF50-F4A9-4F05-98CB-B387D2D8F357}.DebugLocal|Any CPU.Build.0 = Debug|Any CPU
		{386CBF50-F4A9-4F05-98CB-B387D2D8F357}.DebugLocal|Mixed Platforms.ActiveCfg = Debug|Any CPU
		{386CBF50-F4A9-4F05-98CB-B387D2D8F357}.DebugLocal|Mixed Platforms.Build.0 = Debug|Any CPU
		{386CBF50-F4A9-4F05-98CB-B387D2D8F357}.Release|.NET.ActiveCfg = Release|Any CPU
		{386CBF50-F4A9-4F05-98CB-B387D2D8F357}.Release|Any CPU.ActiveCfg = Release|Any CPU
		{386CBF50-F4A9-4F05-98CB-B387D2D8F357}.Release|Any CPU.Build.0 = Release|Any CPU
		{386CBF50-F4A9-4F05-98CB-B387D2D8F357}.Release|Mixed Platforms.ActiveCfg = Release|Any CPU
		{386CBF50-F4A9-4F05-98CB-B387D2D8F357}.Release|Mixed Platforms.Build.0 = Release|Any CPU
		{30933672-466E-4F67-A111-ABF267539146}.Debug|.NET.ActiveCfg = Debug|Any CPU
		{30933672-466E-4F67-A111-ABF267539146}.Debug|Any CPU.ActiveCfg = Debug|Any CPU
		{30933672-466E-4F67-A111-ABF267539146}.Debug|Any CPU.Build.0 = Debug|Any CPU
		{30933672-466E-4F67-A111-ABF267539146}.Debug|Mixed Platforms.ActiveCfg = Debug|Any CPU
		{30933672-466E-4F67-A111-ABF267539146}.Debug|Mixed Platforms.Build.0 = Debug|Any CPU
		{30933672-466E-4F67-A111-ABF267539146}.DebugLocal|.NET.ActiveCfg = Debug|Any CPU
		{30933672-466E-4F67-A111-ABF267539146}.DebugLocal|Any CPU.ActiveCfg = Debug|Any CPU
		{30933672-466E-4F67-A111-ABF267539146}.DebugLocal|Any CPU.Build.0 = Debug|Any CPU
		{30933672-466E-4F67-A111-ABF267539146}.DebugLocal|Mixed Platforms.ActiveCfg = Debug|Any CPU
		{30933672-466E-4F67-A111-ABF267539146}.DebugLocal|Mixed Platforms.Build.0 = Debug|Any CPU
		{30933672-466E-4F67-A111-ABF267539146}.Release|.NET.ActiveCfg = Release|Any CPU
		{30933672-466E-4F67-A111-ABF267539146}.Release|Any CPU.ActiveCfg = Release|Any CPU
		{30933672-466E-4F67-A111-ABF267539146}.Release|Any CPU.Build.0 = Release|Any CPU
		{30933672-466E-4F67-A111-ABF267539146}.Release|Mixed Platforms.ActiveCfg = Release|Any CPU
		{30933672-466E-4F67-A111-ABF267539146}.Release|Mixed Platforms.Build.0 = Release|Any CPU
		{DBAE3851-253B-4B1D-8122-132DE8A3341B}.Debug|.NET.ActiveCfg = Debug|Any CPU
		{DBAE3851-253B-4B1D-8122-132DE8A3341B}.Debug|Any CPU.ActiveCfg = Debug|Any CPU
		{DBAE3851-253B-4B1D-8122-132DE8A3341B}.Debug|Any CPU.Build.0 = Debug|Any CPU
		{DBAE3851-253B-4B1D-8122-132DE8A3341B}.Debug|Mixed Platforms.ActiveCfg = Debug|Any CPU
		{DBAE3851-253B-4B1D-8122-132DE8A3341B}.Debug|Mixed Platforms.Build.0 = Debug|Any CPU
		{DBAE3851-253B-4B1D-8122-132DE8A3341B}.DebugLocal|.NET.ActiveCfg = Debug|Any CPU
		{DBAE3851-253B-4B1D-8122-132DE8A3341B}.DebugLocal|Any CPU.ActiveCfg = Debug|Any CPU
		{DBAE3851-253B-4B1D-8122-132DE8A3341B}.DebugLocal|Any CPU.Build.0 = Debug|Any CPU
		{DBAE3851-253B-4B1D-8122-132DE8A3341B}.DebugLocal|Mixed Platforms.ActiveCfg = Debug|Any CPU
		{DBAE3851-253B-4B1D-8122-132DE8A3341B}.DebugLocal|Mixed Platforms.Build.0 = Debug|Any CPU
		{DBAE3851-253B-4B1D-8122-132DE8A3341B}.Release|.NET.ActiveCfg = Release|Any CPU
		{DBAE3851-253B-4B1D-8122-132DE8A3341B}.Release|Any CPU.ActiveCfg = Release|Any CPU
		{DBAE3851-253B-4B1D-8122-132DE8A3341B}.Release|Any CPU.Build.0 = Release|Any CPU
		{DBAE3851-253B-4B1D-8122-132DE8A3341B}.Release|Mixed Platforms.ActiveCfg = Release|Any CPU
		{DBAE3851-253B-4B1D-8122-132DE8A3341B}.Release|Mixed Platforms.Build.0 = Release|Any CPU
		{0C1607B6-B9DD-4B53-811A-639BD594D046}.Debug|.NET.ActiveCfg = Debug|Any CPU
		{0C1607B6-B9DD-4B53-811A-639BD594D046}.Debug|Any CPU.ActiveCfg = Debug|Any CPU
		{0C1607B6-B9DD-4B53-811A-639BD594D046}.Debug|Any CPU.Build.0 = Debug|Any CPU
		{0C1607B6-B9DD-4B53-811A-639BD594D046}.Debug|Mixed Platforms.ActiveCfg = Debug|Any CPU
		{0C1607B6-B9DD-4B53-811A-639BD594D046}.Debug|Mixed Platforms.Build.0 = Debug|Any CPU
		{0C1607B6-B9DD-4B53-811A-639BD594D046}.DebugLocal|.NET.ActiveCfg = Debug|Any CPU
		{0C1607B6-B9DD-4B53-811A-639BD594D046}.DebugLocal|Any CPU.ActiveCfg = Debug|Any CPU
		{0C1607B6-B9DD-4B53-811A-639BD594D046}.DebugLocal|Any CPU.Build.0 = Debug|Any CPU
		{0C1607B6-B9DD-4B53-811A-639BD594D046}.DebugLocal|Mixed Platforms.ActiveCfg = Debug|Any CPU
		{0C1607B6-B9DD-4B53-811A-639BD594D046}.DebugLocal|Mixed Platforms.Build.0 = Debug|Any CPU
		{0C1607B6-B9DD-4B53-811A-639BD594D046}.Release|.NET.ActiveCfg = Release|Any CPU
		{0C1607B6-B9DD-4B53-811A-639BD594D046}.Release|Any CPU.ActiveCfg = Release|Any CPU
		{0C1607B6-B9DD-4B53-811A-639BD594D046}.Release|Any CPU.Build.0 = Release|Any CPU
		{0C1607B6-B9DD-4B53-811A-639BD594D046}.Release|Mixed Platforms.ActiveCfg = Release|Any CPU
		{0C1607B6-B9DD-4B53-811A-639BD594D046}.Release|Mixed Platforms.Build.0 = Release|Any CPU
		{8EFD241C-D3F0-4AD1-B1E2-0377835CF7EA}.Debug|.NET.ActiveCfg = Debug|Any CPU
		{8EFD241C-D3F0-4AD1-B1E2-0377835CF7EA}.Debug|Any CPU.ActiveCfg = Debug|Any CPU
		{8EFD241C-D3F0-4AD1-B1E2-0377835CF7EA}.Debug|Any CPU.Build.0 = Debug|Any CPU
		{8EFD241C-D3F0-4AD1-B1E2-0377835CF7EA}.Debug|Mixed Platforms.ActiveCfg = Debug|Any CPU
		{8EFD241C-D3F0-4AD1-B1E2-0377835CF7EA}.Debug|Mixed Platforms.Build.0 = Debug|Any CPU
		{8EFD241C-D3F0-4AD1-B1E2-0377835CF7EA}.DebugLocal|.NET.ActiveCfg = Debug|Any CPU
		{8EFD241C-D3F0-4AD1-B1E2-0377835CF7EA}.DebugLocal|Any CPU.ActiveCfg = Debug|Any CPU
		{8EFD241C-D3F0-4AD1-B1E2-0377835CF7EA}.DebugLocal|Any CPU.Build.0 = Debug|Any CPU
		{8EFD241C-D3F0-4AD1-B1E2-0377835CF7EA}.DebugLocal|Mixed Platforms.ActiveCfg = Debug|Any CPU
		{8EFD241C-D3F0-4AD1-B1E2-0377835CF7EA}.DebugLocal|Mixed Platforms.Build.0 = Debug|Any CPU
		{8EFD241C-D3F0-4AD1-B1E2-0377835CF7EA}.Release|.NET.ActiveCfg = Release|Any CPU
		{8EFD241C-D3F0-4AD1-B1E2-0377835CF7EA}.Release|Any CPU.ActiveCfg = Release|Any CPU
		{8EFD241C-D3F0-4AD1-B1E2-0377835CF7EA}.Release|Any CPU.Build.0 = Release|Any CPU
		{8EFD241C-D3F0-4AD1-B1E2-0377835CF7EA}.Release|Mixed Platforms.ActiveCfg = Release|Any CPU
		{8EFD241C-D3F0-4AD1-B1E2-0377835CF7EA}.Release|Mixed Platforms.Build.0 = Release|Any CPU
		{A3C27D52-7C97-4877-9A80-D50FB07762C4}.Debug|.NET.ActiveCfg = Debug|Any CPU
		{A3C27D52-7C97-4877-9A80-D50FB07762C4}.Debug|Any CPU.ActiveCfg = Debug|Any CPU
		{A3C27D52-7C97-4877-9A80-D50FB07762C4}.Debug|Any CPU.Build.0 = Debug|Any CPU
		{A3C27D52-7C97-4877-9A80-D50FB07762C4}.Debug|Mixed Platforms.ActiveCfg = Debug|Any CPU
		{A3C27D52-7C97-4877-9A80-D50FB07762C4}.Debug|Mixed Platforms.Build.0 = Debug|Any CPU
		{A3C27D52-7C97-4877-9A80-D50FB07762C4}.DebugLocal|.NET.ActiveCfg = Debug|Any CPU
		{A3C27D52-7C97-4877-9A80-D50FB07762C4}.DebugLocal|Any CPU.ActiveCfg = Debug|Any CPU
		{A3C27D52-7C97-4877-9A80-D50FB07762C4}.DebugLocal|Any CPU.Build.0 = Debug|Any CPU
		{A3C27D52-7C97-4877-9A80-D50FB07762C4}.DebugLocal|Mixed Platforms.ActiveCfg = Debug|Any CPU
		{A3C27D52-7C97-4877-9A80-D50FB07762C4}.DebugLocal|Mixed Platforms.Build.0 = Debug|Any CPU
		{A3C27D52-7C97-4877-9A80-D50FB07762C4}.Release|.NET.ActiveCfg = Release|Any CPU
		{A3C27D52-7C97-4877-9A80-D50FB07762C4}.Release|Any CPU.ActiveCfg = Release|Any CPU
		{A3C27D52-7C97-4877-9A80-D50FB07762C4}.Release|Any CPU.Build.0 = Release|Any CPU
		{A3C27D52-7C97-4877-9A80-D50FB07762C4}.Release|Mixed Platforms.ActiveCfg = Release|Any CPU
		{A3C27D52-7C97-4877-9A80-D50FB07762C4}.Release|Mixed Platforms.Build.0 = Release|Any CPU
		{C7BD4DC1-3092-4969-A427-AEDBFBE0518B}.Debug|.NET.ActiveCfg = Debug|Any CPU
		{C7BD4DC1-3092-4969-A427-AEDBFBE0518B}.Debug|Any CPU.ActiveCfg = Debug|Any CPU
		{C7BD4DC1-3092-4969-A427-AEDBFBE0518B}.Debug|Any CPU.Build.0 = Debug|Any CPU
		{C7BD4DC1-3092-4969-A427-AEDBFBE0518B}.Debug|Mixed Platforms.ActiveCfg = Debug|Any CPU
		{C7BD4DC1-3092-4969-A427-AEDBFBE0518B}.Debug|Mixed Platforms.Build.0 = Debug|Any CPU
		{C7BD4DC1-3092-4969-A427-AEDBFBE0518B}.DebugLocal|.NET.ActiveCfg = Debug|Any CPU
		{C7BD4DC1-3092-4969-A427-AEDBFBE0518B}.DebugLocal|Any CPU.ActiveCfg = Debug|Any CPU
		{C7BD4DC1-3092-4969-A427-AEDBFBE0518B}.DebugLocal|Any CPU.Build.0 = Debug|Any CPU
		{C7BD4DC1-3092-4969-A427-AEDBFBE0518B}.DebugLocal|Mixed Platforms.ActiveCfg = Debug|Any CPU
		{C7BD4DC1-3092-4969-A427-AEDBFBE0518B}.DebugLocal|Mixed Platforms.Build.0 = Debug|Any CPU
		{C7BD4DC1-3092-4969-A427-AEDBFBE0518B}.Release|.NET.ActiveCfg = Release|Any CPU
		{C7BD4DC1-3092-4969-A427-AEDBFBE0518B}.Release|Any CPU.ActiveCfg = Release|Any CPU
		{C7BD4DC1-3092-4969-A427-AEDBFBE0518B}.Release|Any CPU.Build.0 = Release|Any CPU
		{C7BD4DC1-3092-4969-A427-AEDBFBE0518B}.Release|Mixed Platforms.ActiveCfg = Release|Any CPU
		{C7BD4DC1-3092-4969-A427-AEDBFBE0518B}.Release|Mixed Platforms.Build.0 = Release|Any CPU
		{FC4500A9-8E83-46B0-87FA-86D44AB79AA7}.Debug|.NET.ActiveCfg = Debug|Any CPU
		{FC4500A9-8E83-46B0-87FA-86D44AB79AA7}.Debug|Any CPU.ActiveCfg = Debug|Any CPU
		{FC4500A9-8E83-46B0-87FA-86D44AB79AA7}.Debug|Any CPU.Build.0 = Debug|Any CPU
		{FC4500A9-8E83-46B0-87FA-86D44AB79AA7}.Debug|Mixed Platforms.ActiveCfg = Debug|Any CPU
		{FC4500A9-8E83-46B0-87FA-86D44AB79AA7}.Debug|Mixed Platforms.Build.0 = Debug|Any CPU
		{FC4500A9-8E83-46B0-87FA-86D44AB79AA7}.DebugLocal|.NET.ActiveCfg = Debug|Any CPU
		{FC4500A9-8E83-46B0-87FA-86D44AB79AA7}.DebugLocal|Any CPU.ActiveCfg = Debug|Any CPU
		{FC4500A9-8E83-46B0-87FA-86D44AB79AA7}.DebugLocal|Any CPU.Build.0 = Debug|Any CPU
		{FC4500A9-8E83-46B0-87FA-86D44AB79AA7}.DebugLocal|Mixed Platforms.ActiveCfg = Debug|Any CPU
		{FC4500A9-8E83-46B0-87FA-86D44AB79AA7}.DebugLocal|Mixed Platforms.Build.0 = Debug|Any CPU
		{FC4500A9-8E83-46B0-87FA-86D44AB79AA7}.Release|.NET.ActiveCfg = Release|Any CPU
		{FC4500A9-8E83-46B0-87FA-86D44AB79AA7}.Release|Any CPU.ActiveCfg = Release|Any CPU
		{FC4500A9-8E83-46B0-87FA-86D44AB79AA7}.Release|Any CPU.Build.0 = Release|Any CPU
		{FC4500A9-8E83-46B0-87FA-86D44AB79AA7}.Release|Mixed Platforms.ActiveCfg = Release|Any CPU
		{FC4500A9-8E83-46B0-87FA-86D44AB79AA7}.Release|Mixed Platforms.Build.0 = Release|Any CPU
		{5BEB41E6-B1AB-4784-8698-E3F7B3991652}.Debug|.NET.ActiveCfg = Debug|Any CPU
		{5BEB41E6-B1AB-4784-8698-E3F7B3991652}.Debug|Any CPU.ActiveCfg = Debug|Any CPU
		{5BEB41E6-B1AB-4784-8698-E3F7B3991652}.Debug|Any CPU.Build.0 = Debug|Any CPU
		{5BEB41E6-B1AB-4784-8698-E3F7B3991652}.Debug|Mixed Platforms.ActiveCfg = Debug|Any CPU
		{5BEB41E6-B1AB-4784-8698-E3F7B3991652}.Debug|Mixed Platforms.Build.0 = Debug|Any CPU
		{5BEB41E6-B1AB-4784-8698-E3F7B3991652}.DebugLocal|.NET.ActiveCfg = Debug|Any CPU
		{5BEB41E6-B1AB-4784-8698-E3F7B3991652}.DebugLocal|Any CPU.ActiveCfg = Debug|Any CPU
		{5BEB41E6-B1AB-4784-8698-E3F7B3991652}.DebugLocal|Any CPU.Build.0 = Debug|Any CPU
		{5BEB41E6-B1AB-4784-8698-E3F7B3991652}.DebugLocal|Mixed Platforms.ActiveCfg = Debug|Any CPU
		{5BEB41E6-B1AB-4784-8698-E3F7B3991652}.DebugLocal|Mixed Platforms.Build.0 = Debug|Any CPU
		{5BEB41E6-B1AB-4784-8698-E3F7B3991652}.Release|.NET.ActiveCfg = Release|Any CPU
		{5BEB41E6-B1AB-4784-8698-E3F7B3991652}.Release|Any CPU.ActiveCfg = Release|Any CPU
		{5BEB41E6-B1AB-4784-8698-E3F7B3991652}.Release|Any CPU.Build.0 = Release|Any CPU
		{5BEB41E6-B1AB-4784-8698-E3F7B3991652}.Release|Mixed Platforms.ActiveCfg = Release|Any CPU
		{5BEB41E6-B1AB-4784-8698-E3F7B3991652}.Release|Mixed Platforms.Build.0 = Release|Any CPU
		{B4ECB6F6-8E99-4E97-9076-053E280B29A6}.Debug|.NET.ActiveCfg = Debug|Any CPU
		{B4ECB6F6-8E99-4E97-9076-053E280B29A6}.Debug|Any CPU.ActiveCfg = Debug|Any CPU
		{B4ECB6F6-8E99-4E97-9076-053E280B29A6}.Debug|Any CPU.Build.0 = Debug|Any CPU
		{B4ECB6F6-8E99-4E97-9076-053E280B29A6}.Debug|Mixed Platforms.ActiveCfg = Debug|Any CPU
		{B4ECB6F6-8E99-4E97-9076-053E280B29A6}.Debug|Mixed Platforms.Build.0 = Debug|Any CPU
		{B4ECB6F6-8E99-4E97-9076-053E280B29A6}.DebugLocal|.NET.ActiveCfg = Debug|Any CPU
		{B4ECB6F6-8E99-4E97-9076-053E280B29A6}.DebugLocal|Any CPU.ActiveCfg = Debug|Any CPU
		{B4ECB6F6-8E99-4E97-9076-053E280B29A6}.DebugLocal|Any CPU.Build.0 = Debug|Any CPU
		{B4ECB6F6-8E99-4E97-9076-053E280B29A6}.DebugLocal|Mixed Platforms.ActiveCfg = Debug|Any CPU
		{B4ECB6F6-8E99-4E97-9076-053E280B29A6}.DebugLocal|Mixed Platforms.Build.0 = Debug|Any CPU
		{B4ECB6F6-8E99-4E97-9076-053E280B29A6}.Release|.NET.ActiveCfg = Release|Any CPU
		{B4ECB6F6-8E99-4E97-9076-053E280B29A6}.Release|Any CPU.ActiveCfg = Release|Any CPU
		{B4ECB6F6-8E99-4E97-9076-053E280B29A6}.Release|Any CPU.Build.0 = Release|Any CPU
		{B4ECB6F6-8E99-4E97-9076-053E280B29A6}.Release|Mixed Platforms.ActiveCfg = Release|Any CPU
		{B4ECB6F6-8E99-4E97-9076-053E280B29A6}.Release|Mixed Platforms.Build.0 = Release|Any CPU
	EndGlobalSection
	GlobalSection(SolutionProperties) = preSolution
		HideSolutionNode = FALSE
	EndGlobalSection
	GlobalSection(VaultVsipSolution-v1) = preSolution
		VaultHost = http://www.microconn.com/VaultService
		VaultRepositoryID = 3
		VaultRepositoryGUID = 68df8c94-22e6-4709-af75-3912966b81a6
		ProjectCount = 9
		ProjectRelativeDiskPath1 = Microsoft.ApplicationBlocks.ExceptionManagement.Interfaces\Microsoft.ApplicationBlocks.ExceptionManagement.Interfaces.csproj
		ProjectRelativeReposPath1 = RainMaker/Microsoft.ApplicationBlocks.ExceptionManagement.Interfaces/Microsoft.ApplicationBlocks.ExceptionManagement.Interfaces.csproj
		ProjectRelativeDiskPath2 = Microsoft.ApplicationBlocks.ExceptionManagement\Microsoft.ApplicationBlocks.ExceptionManagement.csproj
		ProjectRelativeReposPath2 = RainMaker/Microsoft.ApplicationBlocks.ExceptionManagement/Microsoft.ApplicationBlocks.ExceptionManagement.csproj
		ProjectRelativeDiskPath3 = Microsoft.ApplicationBlocks.Data\Microsoft.ApplicationBlocks.Data.csproj
		ProjectRelativeReposPath3 = RainMaker/Microsoft.ApplicationBlocks.Data/Microsoft.ApplicationBlocks.Data.csproj
		ProjectRelativeDiskPath4 = Rainmaker.Common\Rainmaker.Common.csproj
		ProjectRelativeReposPath4 = RainMaker/Rainmaker.Common/Rainmaker.Common.csproj
		ProjectRelativeDiskPath5 = Rainmaker.DAL\Rainmaker.DAL.csproj
		ProjectRelativeReposPath5 = RainMaker/Rainmaker.DAL/Rainmaker.DAL.csproj
		ProjectRelativeDiskPath6 = RainmakerWS\RainmakerWS.csproj
		ProjectRelativeReposPath6 = RainMaker/RainmakerWS/RainmakerWS.csproj
		ProjectRelativeDiskPath7 = Rainmaker\Rainmaker.csproj
		ProjectRelativeReposPath7 = RainMaker/Rainmaker/Rainmaker.csproj
		ProjectRelativeDiskPath8 = RainmakerDialer\RainmakerDialer.csproj
		ProjectRelativeReposPath8 = RainMaker/RainmakerDialer/RainmakerDialer.csproj
		ProjectRelativeDiskPath9 = RainmakerDialerSetup\RainmakerDialerSetup.vdproj
		ProjectRelativeReposPath9 = RainMaker/RainmakerDialerSetup/RainmakerDialerSetup.vdproj
	EndGlobalSection
	GlobalSection(VaultVsipSolution-v1) = preSolution
		VaultHost = http://www.microconn.com/VaultService
		VaultRepositoryID = 3
		VaultRepositoryGUID = 68df8c94-22e6-4709-af75-3912966b81a6
		ProjectCount = 9
		ProjectRelativeDiskPath1 = Microsoft.ApplicationBlocks.ExceptionManagement.Interfaces\Microsoft.ApplicationBlocks.ExceptionManagement.Interfaces.csproj
		ProjectRelativeDiskPath2 = Microsoft.ApplicationBlocks.ExceptionManagement\Microsoft.ApplicationBlocks.ExceptionManagement.csproj
		ProjectRelativeDiskPath3 = Microsoft.ApplicationBlocks.Data\Microsoft.ApplicationBlocks.Data.csproj
		ProjectRelativeDiskPath4 = Rainmaker.Common\Rainmaker.Common.csproj
		ProjectRelativeDiskPath5 = Rainmaker.DAL\Rainmaker.DAL.csproj
		ProjectRelativeDiskPath6 = RainmakerWS\RainmakerWS.csproj
		ProjectRelativeDiskPath7 = Rainmaker\Rainmaker.csproj
		ProjectRelativeDiskPath8 = RainmakerDialer\RainmakerDialer.csproj
		ProjectRelativeDiskPath9 = RainmakerDialerSetup\RainmakerDialerSetup.vdproj
	EndGlobalSection
EndGlobal
